{
  "name": "note-app",
  "version": "0.0.0",
  "lockfileVersion": 1,
  "requires": true,
  "dependencies": {
    "@babel/parser": {
      "version": "7.21.2",
      "resolved": "https://registry.npmjs.org/@babel/parser/-/parser-7.21.2.tgz",
      "integrity": "sha512-URpaIJQwEkEC2T9Kn+Ai6Xe/02iNaVCuT/PtoRz3GPVJVDpPd7mLo+VddTbhCRU9TXqW5mSrQfXZyi8kDKOVpQ=="
    },
    "@ckeditor/ckeditor5-adapter-ckfinder": {
      "version": "36.0.1",
      "resolved": "https://registry.npmjs.org/@ckeditor/ckeditor5-adapter-ckfinder/-/ckeditor5-adapter-ckfinder-36.0.1.tgz",
      "integrity": "sha512-kZUvaG0fpGavArn5Yl2eKkCfCelemRfPRVyPerliJUh/6xhDhwT2ds/stI4VyhE2tHRD9ohOywxAEcH2XJUthg==",
      "requires": {
        "ckeditor5": "^36.0.1"
      }
    },
    "@ckeditor/ckeditor5-autoformat": {
      "version": "36.0.1",
      "resolved": "https://registry.npmjs.org/@ckeditor/ckeditor5-autoformat/-/ckeditor5-autoformat-36.0.1.tgz",
      "integrity": "sha512-kve+Ergl40L6DzbtvyTMhbwfMZgpl0SJgsAzukQ72OyvJykQywworJ3zt/PgLCJKD+EKN80X9nR8kfBzXRG/vw==",
      "requires": {
        "ckeditor5": "^36.0.1"
      }
    },
    "@ckeditor/ckeditor5-basic-styles": {
      "version": "36.0.1",
      "resolved": "https://registry.npmjs.org/@ckeditor/ckeditor5-basic-styles/-/ckeditor5-basic-styles-36.0.1.tgz",
      "integrity": "sha512-5qbgzsgmJP7lecf78sy6QpqbsF2BLs7WxziMrJUXQytgq4S7o+Q/uqGF/itpkQMBBnLulRFJ8/x055iOBugreQ==",
      "requires": {
        "ckeditor5": "^36.0.1"
      }
    },
    "@ckeditor/ckeditor5-block-quote": {
      "version": "36.0.1",
      "resolved": "https://registry.npmjs.org/@ckeditor/ckeditor5-block-quote/-/ckeditor5-block-quote-36.0.1.tgz",
      "integrity": "sha512-kLvkHGiu5lAnPiUnRUc0M0Nlls179PmcOvX+YIIp62YBYTxG/R6oCC5clnnhodNiDQBEgwbxqoqTKNSkOX0VWw==",
      "requires": {
        "ckeditor5": "^36.0.1"
      }
    },
    "@ckeditor/ckeditor5-build-classic": {
      "version": "36.0.1",
      "resolved": "https://registry.npmjs.org/@ckeditor/ckeditor5-build-classic/-/ckeditor5-build-classic-36.0.1.tgz",
      "integrity": "sha512-noBqFM9rzf9WAn5JLqbmKbjarrrLzu0cNDX8LUaYPa/n/AYThL2ul4vy6zmHS7OS+PJLQaH+S/bTFLRflcVl3A==",
      "requires": {
        "@ckeditor/ckeditor5-adapter-ckfinder": "^36.0.1",
        "@ckeditor/ckeditor5-autoformat": "^36.0.1",
        "@ckeditor/ckeditor5-basic-styles": "^36.0.1",
        "@ckeditor/ckeditor5-block-quote": "^36.0.1",
        "@ckeditor/ckeditor5-ckbox": "^36.0.1",
        "@ckeditor/ckeditor5-ckfinder": "^36.0.1",
        "@ckeditor/ckeditor5-cloud-services": "^36.0.1",
        "@ckeditor/ckeditor5-easy-image": "^36.0.1",
        "@ckeditor/ckeditor5-editor-classic": "^36.0.1",
        "@ckeditor/ckeditor5-essentials": "^36.0.1",
        "@ckeditor/ckeditor5-heading": "^36.0.1",
        "@ckeditor/ckeditor5-image": "^36.0.1",
        "@ckeditor/ckeditor5-indent": "^36.0.1",
        "@ckeditor/ckeditor5-link": "^36.0.1",
        "@ckeditor/ckeditor5-list": "^36.0.1",
        "@ckeditor/ckeditor5-media-embed": "^36.0.1",
        "@ckeditor/ckeditor5-paragraph": "^36.0.1",
        "@ckeditor/ckeditor5-paste-from-office": "^36.0.1",
        "@ckeditor/ckeditor5-table": "^36.0.1",
        "@ckeditor/ckeditor5-typing": "^36.0.1"
      }
    },
    "@ckeditor/ckeditor5-ckbox": {
      "version": "36.0.1",
      "resolved": "https://registry.npmjs.org/@ckeditor/ckeditor5-ckbox/-/ckeditor5-ckbox-36.0.1.tgz",
      "integrity": "sha512-QzrsGCj84Yd3wDIvFk/e/BJvjeQHhBDxJ/XUfkDw2rhFvJZ9V5Xx08JR+Hsamvc/wd/ES/SlJyDPRjzdfuq/gw==",
      "requires": {
        "ckeditor5": "^36.0.1"
      }
    },
    "@ckeditor/ckeditor5-ckfinder": {
      "version": "36.0.1",
      "resolved": "https://registry.npmjs.org/@ckeditor/ckeditor5-ckfinder/-/ckeditor5-ckfinder-36.0.1.tgz",
      "integrity": "sha512-2qdUHEDmBdyFMeiNSWgE/f1p3Tt9b1uuOsvAt+pXJHET9zT8TlpipbhzN3e9+Vqbiy7tv1ofK/gGGHLGoI25tg==",
      "requires": {
        "ckeditor5": "^36.0.1"
      }
    },
    "@ckeditor/ckeditor5-clipboard": {
      "version": "36.0.1",
      "resolved": "https://registry.npmjs.org/@ckeditor/ckeditor5-clipboard/-/ckeditor5-clipboard-36.0.1.tgz",
      "integrity": "sha512-CFh5oO29dUXwsUf/BPM8g5l8MV3hiG27/h6fpC1qRUTAVXDAj43j+cfYYs8MwNi3hv0c/1KyT1bLySqQ/LZctw==",
      "requires": {
        "@ckeditor/ckeditor5-core": "^36.0.1",
        "@ckeditor/ckeditor5-engine": "^36.0.1",
        "@ckeditor/ckeditor5-utils": "^36.0.1",
        "@ckeditor/ckeditor5-widget": "^36.0.1",
        "lodash-es": "^4.17.11"
      }
    },
    "@ckeditor/ckeditor5-cloud-services": {
      "version": "36.0.1",
      "resolved": "https://registry.npmjs.org/@ckeditor/ckeditor5-cloud-services/-/ckeditor5-cloud-services-36.0.1.tgz",
      "integrity": "sha512-o+Xp3mAWISx+LCHeV8wYN1v7ZA0XUtIOXPb6N+6lJcS9fDSdc/B4+0KnpHoDZQThgvs9UoNb6ty2f3H5Den/Bg==",
      "requires": {
        "ckeditor5": "^36.0.1"
      }
    },
    "@ckeditor/ckeditor5-core": {
      "version": "36.0.1",
      "resolved": "https://registry.npmjs.org/@ckeditor/ckeditor5-core/-/ckeditor5-core-36.0.1.tgz",
      "integrity": "sha512-50O+DYXtaf4dMOn+3mGUvfYiE2qsCgVn114WQj7Tj3pZl5w+pAIv/2P+9cBB2Kb7QxgPZqZ7bvsi9wHqIJ6KCw==",
      "requires": {
        "@ckeditor/ckeditor5-engine": "^36.0.1",
        "@ckeditor/ckeditor5-utils": "^36.0.1",
        "lodash-es": "^4.17.15"
      }
    },
    "@ckeditor/ckeditor5-easy-image": {
      "version": "36.0.1",
      "resolved": "https://registry.npmjs.org/@ckeditor/ckeditor5-easy-image/-/ckeditor5-easy-image-36.0.1.tgz",
      "integrity": "sha512-t74s840xNPaWibgI1YcC/lHcigCY4zUyXzpXhepWe9qw4zfg58H2wK6a0AwBN+yy8mXcotDUmjXkOXgnNkJp0Q==",
      "requires": {
        "ckeditor5": "^36.0.1"
      }
    },
    "@ckeditor/ckeditor5-editor-classic": {
      "version": "36.0.1",
      "resolved": "https://registry.npmjs.org/@ckeditor/ckeditor5-editor-classic/-/ckeditor5-editor-classic-36.0.1.tgz",
      "integrity": "sha512-/euO79HzgIxILgxbqpGaMxO3f2BSGazljAGTc+aGJQ4bs9YnkxpeCc2wxYXuUzMNev2vVqhaPTvRJzg2Bb2r9w==",
      "requires": {
        "ckeditor5": "^36.0.1",
        "lodash-es": "^4.17.15"
      }
    },
    "@ckeditor/ckeditor5-engine": {
      "version": "36.0.1",
      "resolved": "https://registry.npmjs.org/@ckeditor/ckeditor5-engine/-/ckeditor5-engine-36.0.1.tgz",
      "integrity": "sha512-Ze2omTguUggwiL9vvLvPk+QpjEBbIOPS1Hi/ROYlsW8QSdnPbSTv+6rCIYThqJMFeonxLZWV5XwbcqpgSAs0MA==",
      "requires": {
        "@ckeditor/ckeditor5-utils": "^36.0.1",
        "lodash-es": "^4.17.15"
      }
    },
    "@ckeditor/ckeditor5-enter": {
      "version": "36.0.1",
      "resolved": "https://registry.npmjs.org/@ckeditor/ckeditor5-enter/-/ckeditor5-enter-36.0.1.tgz",
      "integrity": "sha512-FHZ43bltDGFyihfBOTwBOgsS2mMU2ATR9xxFEKlDP+8+P1bq4e0YkC3t4PuwtHIZMvNHiFxqvmFtA2eznGS7sQ==",
      "requires": {
        "@ckeditor/ckeditor5-core": "^36.0.1",
        "@ckeditor/ckeditor5-engine": "^36.0.1"
      }
    },
    "@ckeditor/ckeditor5-essentials": {
      "version": "36.0.1",
      "resolved": "https://registry.npmjs.org/@ckeditor/ckeditor5-essentials/-/ckeditor5-essentials-36.0.1.tgz",
      "integrity": "sha512-f6yEeSA75/hAqK+hZ09LnUj+2PSXFSTHFBzC32WKr+e2qlTx3/mArvwnnQcTj7lo7SuUmctpg7X5DD3/Rcg+HA==",
      "requires": {
        "ckeditor5": "^36.0.1"
      }
    },
    "@ckeditor/ckeditor5-heading": {
      "version": "36.0.1",
      "resolved": "https://registry.npmjs.org/@ckeditor/ckeditor5-heading/-/ckeditor5-heading-36.0.1.tgz",
      "integrity": "sha512-elVL6y8kFFB4wCjmVTYsbx5vFoNCsPn9fAJ4/T2tElb9wszs4BsbMjScUNwVomOxuSPy3x6Qt4HG1NFVoh1FKg==",
      "requires": {
        "ckeditor5": "^36.0.1"
      }
    },
    "@ckeditor/ckeditor5-image": {
      "version": "36.0.1",
      "resolved": "https://registry.npmjs.org/@ckeditor/ckeditor5-image/-/ckeditor5-image-36.0.1.tgz",
      "integrity": "sha512-HElSvvBXL4kmwtwrAw28oIuJN1gXMr0kOYnR+sLkJGlfeymOQ4RKEqW3vOPMmN6s2RMJVoNkpytPbhzalFn3Sg==",
      "requires": {
        "@ckeditor/ckeditor5-ui": "^36.0.1",
        "ckeditor5": "^36.0.1",
        "lodash-es": "^4.17.15"
      }
    },
    "@ckeditor/ckeditor5-indent": {
      "version": "36.0.1",
      "resolved": "https://registry.npmjs.org/@ckeditor/ckeditor5-indent/-/ckeditor5-indent-36.0.1.tgz",
      "integrity": "sha512-3E+3UCP9Krr41yP8g5a/QmJEJCChOFWdrLShi0YYODkJlhI/UUJFWVDTx54x1GnnDhXt8HhpOVGHCo14+KuRfA==",
      "requires": {
        "ckeditor5": "^36.0.1"
      }
    },
    "@ckeditor/ckeditor5-link": {
      "version": "36.0.1",
      "resolved": "https://registry.npmjs.org/@ckeditor/ckeditor5-link/-/ckeditor5-link-36.0.1.tgz",
      "integrity": "sha512-u0E22wCzgAWMlg5BemYAUHws6zausSek+tmI6VmTRibogsUsfso3JnWI0RXNiEd4i2w1wRspvb9S/D8iy7n4fA==",
      "requires": {
        "@ckeditor/ckeditor5-ui": "^36.0.1",
        "ckeditor5": "^36.0.1",
        "lodash-es": "^4.17.15"
      }
    },
    "@ckeditor/ckeditor5-list": {
      "version": "36.0.1",
      "resolved": "https://registry.npmjs.org/@ckeditor/ckeditor5-list/-/ckeditor5-list-36.0.1.tgz",
      "integrity": "sha512-v4h5iXCqbOpjaiQRZNp1SExU7BzKfcDU9VUGZpUzFLC0S1JKVO1DAJKMxhqgUCvgGrTOrYHZoGaqNWQZXXwZQg==",
      "requires": {
        "@ckeditor/ckeditor5-ui": "^36.0.1",
        "ckeditor5": "^36.0.1"
      }
    },
    "@ckeditor/ckeditor5-media-embed": {
      "version": "36.0.1",
      "resolved": "https://registry.npmjs.org/@ckeditor/ckeditor5-media-embed/-/ckeditor5-media-embed-36.0.1.tgz",
      "integrity": "sha512-TBl9bh+wBndkHfjjULqTYdYjbwtpO0ug4QTE5PQuAXrfvNeTAGvpYRqnJtLlASzqvUcgc3uBCXI9sO90ZUnFWw==",
      "requires": {
        "@ckeditor/ckeditor5-ui": "^36.0.1",
        "ckeditor5": "^36.0.1"
      }
    },
    "@ckeditor/ckeditor5-paragraph": {
      "version": "36.0.1",
      "resolved": "https://registry.npmjs.org/@ckeditor/ckeditor5-paragraph/-/ckeditor5-paragraph-36.0.1.tgz",
      "integrity": "sha512-NF1PH9WVfY81vkohj6GV1W/u1ogbZnfy60wrDy8Qp3iaFK1LJBsKNz3q1tf0WkBghaX/MUjR9E06l/OrTtaTZw==",
      "requires": {
        "@ckeditor/ckeditor5-core": "^36.0.1",
        "@ckeditor/ckeditor5-ui": "^36.0.1",
        "@ckeditor/ckeditor5-utils": "^36.0.1"
      }
    },
    "@ckeditor/ckeditor5-paste-from-office": {
      "version": "36.0.1",
      "resolved": "https://registry.npmjs.org/@ckeditor/ckeditor5-paste-from-office/-/ckeditor5-paste-from-office-36.0.1.tgz",
      "integrity": "sha512-JG3Ex/0mQ94E6coU16/CpnjikadCLebRLKXKYQyK/Wag7MbkKh8jgzpnZTC4Br4HvpQORfx7eC475BWF927FeQ==",
      "requires": {
        "ckeditor5": "^36.0.1"
      }
    },
    "@ckeditor/ckeditor5-select-all": {
      "version": "36.0.1",
      "resolved": "https://registry.npmjs.org/@ckeditor/ckeditor5-select-all/-/ckeditor5-select-all-36.0.1.tgz",
      "integrity": "sha512-8rPxcenTAoqXy1gleZvfsc7VD0IltPFq8R+blD4JL+sSMMDUtKhPuok4TA9h6Yh0nP6LfRK2fBUKIWH3xRPABg==",
      "requires": {
        "@ckeditor/ckeditor5-core": "^36.0.1",
        "@ckeditor/ckeditor5-ui": "^36.0.1",
        "@ckeditor/ckeditor5-utils": "^36.0.1"
      }
    },
    "@ckeditor/ckeditor5-table": {
      "version": "36.0.1",
      "resolved": "https://registry.npmjs.org/@ckeditor/ckeditor5-table/-/ckeditor5-table-36.0.1.tgz",
      "integrity": "sha512-ishbq3Rp8n7aypswmbqAVWT5W0iYZfAfm6wS+dpSoFqzAPX6ko8+bnoTkq+Wbs1S4+JDaua7QOJw9A1L1cv17A==",
      "requires": {
        "ckeditor5": "^36.0.1",
        "lodash-es": "^4.17.15"
      }
    },
    "@ckeditor/ckeditor5-typing": {
      "version": "36.0.1",
      "resolved": "https://registry.npmjs.org/@ckeditor/ckeditor5-typing/-/ckeditor5-typing-36.0.1.tgz",
      "integrity": "sha512-NwXQxNxf/LLANiiteEVaLr1ZzvJd7y6+O5a6x0Tv9Uuheu80aw2Axm3icneODt05G/XT+iJmCHzUYdEiCsHUaw==",
      "requires": {
        "@ckeditor/ckeditor5-core": "^36.0.1",
        "@ckeditor/ckeditor5-engine": "^36.0.1",
        "@ckeditor/ckeditor5-utils": "^36.0.1",
        "lodash-es": "^4.17.15"
      }
    },
    "@ckeditor/ckeditor5-ui": {
      "version": "36.0.1",
      "resolved": "https://registry.npmjs.org/@ckeditor/ckeditor5-ui/-/ckeditor5-ui-36.0.1.tgz",
      "integrity": "sha512-wPqAdXUZnEAD3XPvS5vEGU2kxzTQah3wne3B1esdlbJ7dSLZDdx8r1dyKyp3/WCpCT8G+PqGvSUrlnqcy7WI5A==",
      "requires": {
        "@ckeditor/ckeditor5-core": "^36.0.1",
        "@ckeditor/ckeditor5-utils": "^36.0.1",
        "lodash-es": "^4.17.15"
      }
    },
    "@ckeditor/ckeditor5-undo": {
      "version": "36.0.1",
      "resolved": "https://registry.npmjs.org/@ckeditor/ckeditor5-undo/-/ckeditor5-undo-36.0.1.tgz",
      "integrity": "sha512-TBm6TAnur59f5hqlgUZ89NV3cPQw0xqqpSuVMFrvFruPmPiIay2E34Mapb5KRXr83AEPhNN8GAE2YM7HmMqKrQ==",
      "requires": {
        "@ckeditor/ckeditor5-core": "^36.0.1",
        "@ckeditor/ckeditor5-engine": "^36.0.1",
        "@ckeditor/ckeditor5-ui": "^36.0.1"
      }
    },
    "@ckeditor/ckeditor5-upload": {
      "version": "36.0.1",
      "resolved": "https://registry.npmjs.org/@ckeditor/ckeditor5-upload/-/ckeditor5-upload-36.0.1.tgz",
      "integrity": "sha512-932vnvO++SzfZ6EpNkOj6PPKN6vVgn5aW3gu0c1D51cF9KkCFiaMhBDsOzDRVvq/bbnDqUQ9v3j1cNo2UlC8oA==",
      "requires": {
        "@ckeditor/ckeditor5-core": "^36.0.1",
        "@ckeditor/ckeditor5-ui": "^36.0.1",
        "@ckeditor/ckeditor5-utils": "^36.0.1"
      }
    },
    "@ckeditor/ckeditor5-utils": {
      "version": "36.0.1",
      "resolved": "https://registry.npmjs.org/@ckeditor/ckeditor5-utils/-/ckeditor5-utils-36.0.1.tgz",
      "integrity": "sha512-TW/YRb0OQe88IyqRoq2xS02iXOG82NQybzMuFDnGyCaFV0hA/9ysOyWwFpxDLcPDhDgVJZIxuwvFaek9x+uCMA==",
      "requires": {
        "lodash-es": "^4.17.15"
      }
    },
    "@ckeditor/ckeditor5-widget": {
      "version": "36.0.1",
      "resolved": "https://registry.npmjs.org/@ckeditor/ckeditor5-widget/-/ckeditor5-widget-36.0.1.tgz",
      "integrity": "sha512-on92cCRYLWTfwrpnFi5z4FY7NDhY+X+p6yuYStnB9d9jM3FJi3/7y2q9ojr8fSMot4pQsXCiFXzaF6yez+77wA==",
      "requires": {
        "@ckeditor/ckeditor5-core": "^36.0.1",
        "@ckeditor/ckeditor5-engine": "^36.0.1",
        "@ckeditor/ckeditor5-enter": "^36.0.1",
        "@ckeditor/ckeditor5-typing": "^36.0.1",
        "@ckeditor/ckeditor5-ui": "^36.0.1",
        "@ckeditor/ckeditor5-utils": "^36.0.1",
        "lodash-es": "^4.17.15"
      }
    },
    "@esbuild/android-arm": {
      "version": "0.16.17",
      "resolved": "https://registry.npmjs.org/@esbuild/android-arm/-/android-arm-0.16.17.tgz",
      "integrity": "sha512-N9x1CMXVhtWEAMS7pNNONyA14f71VPQN9Cnavj1XQh6T7bskqiLLrSca4O0Vr8Wdcga943eThxnVp3JLnBMYtw==",
      "dev": true,
      "optional": true
    },
    "@esbuild/android-arm64": {
      "version": "0.16.17",
      "resolved": "https://registry.npmjs.org/@esbuild/android-arm64/-/android-arm64-0.16.17.tgz",
      "integrity": "sha512-MIGl6p5sc3RDTLLkYL1MyL8BMRN4tLMRCn+yRJJmEDvYZ2M7tmAf80hx1kbNEUX2KJ50RRtxZ4JHLvCfuB6kBg==",
      "dev": true,
      "optional": true
    },
    "@esbuild/android-x64": {
      "version": "0.16.17",
      "resolved": "https://registry.npmjs.org/@esbuild/android-x64/-/android-x64-0.16.17.tgz",
      "integrity": "sha512-a3kTv3m0Ghh4z1DaFEuEDfz3OLONKuFvI4Xqczqx4BqLyuFaFkuaG4j2MtA6fuWEFeC5x9IvqnX7drmRq/fyAQ==",
      "dev": true,
      "optional": true
    },
    "@esbuild/darwin-arm64": {
      "version": "0.16.17",
      "resolved": "https://registry.npmjs.org/@esbuild/darwin-arm64/-/darwin-arm64-0.16.17.tgz",
      "integrity": "sha512-/2agbUEfmxWHi9ARTX6OQ/KgXnOWfsNlTeLcoV7HSuSTv63E4DqtAc+2XqGw1KHxKMHGZgbVCZge7HXWX9Vn+w==",
      "dev": true,
      "optional": true
    },
    "@esbuild/darwin-x64": {
      "version": "0.16.17",
      "resolved": "https://registry.npmjs.org/@esbuild/darwin-x64/-/darwin-x64-0.16.17.tgz",
      "integrity": "sha512-2By45OBHulkd9Svy5IOCZt376Aa2oOkiE9QWUK9fe6Tb+WDr8hXL3dpqi+DeLiMed8tVXspzsTAvd0jUl96wmg==",
      "dev": true,
      "optional": true
    },
    "@esbuild/freebsd-arm64": {
      "version": "0.16.17",
      "resolved": "https://registry.npmjs.org/@esbuild/freebsd-arm64/-/freebsd-arm64-0.16.17.tgz",
      "integrity": "sha512-mt+cxZe1tVx489VTb4mBAOo2aKSnJ33L9fr25JXpqQqzbUIw/yzIzi+NHwAXK2qYV1lEFp4OoVeThGjUbmWmdw==",
      "dev": true,
      "optional": true
    },
    "@esbuild/freebsd-x64": {
      "version": "0.16.17",
      "resolved": "https://registry.npmjs.org/@esbuild/freebsd-x64/-/freebsd-x64-0.16.17.tgz",
      "integrity": "sha512-8ScTdNJl5idAKjH8zGAsN7RuWcyHG3BAvMNpKOBaqqR7EbUhhVHOqXRdL7oZvz8WNHL2pr5+eIT5c65kA6NHug==",
      "dev": true,
      "optional": true
    },
    "@esbuild/linux-arm": {
      "version": "0.16.17",
      "resolved": "https://registry.npmjs.org/@esbuild/linux-arm/-/linux-arm-0.16.17.tgz",
      "integrity": "sha512-iihzrWbD4gIT7j3caMzKb/RsFFHCwqqbrbH9SqUSRrdXkXaygSZCZg1FybsZz57Ju7N/SHEgPyaR0LZ8Zbe9gQ==",
      "dev": true,
      "optional": true
    },
    "@esbuild/linux-arm64": {
      "version": "0.16.17",
      "resolved": "https://registry.npmjs.org/@esbuild/linux-arm64/-/linux-arm64-0.16.17.tgz",
      "integrity": "sha512-7S8gJnSlqKGVJunnMCrXHU9Q8Q/tQIxk/xL8BqAP64wchPCTzuM6W3Ra8cIa1HIflAvDnNOt2jaL17vaW+1V0g==",
      "dev": true,
      "optional": true
    },
    "@esbuild/linux-ia32": {
      "version": "0.16.17",
      "resolved": "https://registry.npmjs.org/@esbuild/linux-ia32/-/linux-ia32-0.16.17.tgz",
      "integrity": "sha512-kiX69+wcPAdgl3Lonh1VI7MBr16nktEvOfViszBSxygRQqSpzv7BffMKRPMFwzeJGPxcio0pdD3kYQGpqQ2SSg==",
      "dev": true,
      "optional": true
    },
    "@esbuild/linux-loong64": {
      "version": "0.16.17",
      "resolved": "https://registry.npmjs.org/@esbuild/linux-loong64/-/linux-loong64-0.16.17.tgz",
      "integrity": "sha512-dTzNnQwembNDhd654cA4QhbS9uDdXC3TKqMJjgOWsC0yNCbpzfWoXdZvp0mY7HU6nzk5E0zpRGGx3qoQg8T2DQ==",
      "dev": true,
      "optional": true
    },
    "@esbuild/linux-mips64el": {
      "version": "0.16.17",
      "resolved": "https://registry.npmjs.org/@esbuild/linux-mips64el/-/linux-mips64el-0.16.17.tgz",
      "integrity": "sha512-ezbDkp2nDl0PfIUn0CsQ30kxfcLTlcx4Foz2kYv8qdC6ia2oX5Q3E/8m6lq84Dj/6b0FrkgD582fJMIfHhJfSw==",
      "dev": true,
      "optional": true
    },
    "@esbuild/linux-ppc64": {
      "version": "0.16.17",
      "resolved": "https://registry.npmjs.org/@esbuild/linux-ppc64/-/linux-ppc64-0.16.17.tgz",
      "integrity": "sha512-dzS678gYD1lJsW73zrFhDApLVdM3cUF2MvAa1D8K8KtcSKdLBPP4zZSLy6LFZ0jYqQdQ29bjAHJDgz0rVbLB3g==",
      "dev": true,
      "optional": true
    },
    "@esbuild/linux-riscv64": {
      "version": "0.16.17",
      "resolved": "https://registry.npmjs.org/@esbuild/linux-riscv64/-/linux-riscv64-0.16.17.tgz",
      "integrity": "sha512-ylNlVsxuFjZK8DQtNUwiMskh6nT0vI7kYl/4fZgV1llP5d6+HIeL/vmmm3jpuoo8+NuXjQVZxmKuhDApK0/cKw==",
      "dev": true,
      "optional": true
    },
    "@esbuild/linux-s390x": {
      "version": "0.16.17",
      "resolved": "https://registry.npmjs.org/@esbuild/linux-s390x/-/linux-s390x-0.16.17.tgz",
      "integrity": "sha512-gzy7nUTO4UA4oZ2wAMXPNBGTzZFP7mss3aKR2hH+/4UUkCOyqmjXiKpzGrY2TlEUhbbejzXVKKGazYcQTZWA/w==",
      "dev": true,
      "optional": true
    },
    "@esbuild/linux-x64": {
      "version": "0.16.17",
      "resolved": "https://registry.npmjs.org/@esbuild/linux-x64/-/linux-x64-0.16.17.tgz",
      "integrity": "sha512-mdPjPxfnmoqhgpiEArqi4egmBAMYvaObgn4poorpUaqmvzzbvqbowRllQ+ZgzGVMGKaPkqUmPDOOFQRUFDmeUw==",
      "dev": true,
      "optional": true
    },
    "@esbuild/netbsd-x64": {
      "version": "0.16.17",
      "resolved": "https://registry.npmjs.org/@esbuild/netbsd-x64/-/netbsd-x64-0.16.17.tgz",
      "integrity": "sha512-/PzmzD/zyAeTUsduZa32bn0ORug+Jd1EGGAUJvqfeixoEISYpGnAezN6lnJoskauoai0Jrs+XSyvDhppCPoKOA==",
      "dev": true,
      "optional": true
    },
    "@esbuild/openbsd-x64": {
      "version": "0.16.17",
      "resolved": "https://registry.npmjs.org/@esbuild/openbsd-x64/-/openbsd-x64-0.16.17.tgz",
      "integrity": "sha512-2yaWJhvxGEz2RiftSk0UObqJa/b+rIAjnODJgv2GbGGpRwAfpgzyrg1WLK8rqA24mfZa9GvpjLcBBg8JHkoodg==",
      "dev": true,
      "optional": true
    },
    "@esbuild/sunos-x64": {
      "version": "0.16.17",
      "resolved": "https://registry.npmjs.org/@esbuild/sunos-x64/-/sunos-x64-0.16.17.tgz",
      "integrity": "sha512-xtVUiev38tN0R3g8VhRfN7Zl42YCJvyBhRKw1RJjwE1d2emWTVToPLNEQj/5Qxc6lVFATDiy6LjVHYhIPrLxzw==",
      "dev": true,
      "optional": true
    },
    "@esbuild/win32-arm64": {
      "version": "0.16.17",
      "resolved": "https://registry.npmjs.org/@esbuild/win32-arm64/-/win32-arm64-0.16.17.tgz",
      "integrity": "sha512-ga8+JqBDHY4b6fQAmOgtJJue36scANy4l/rL97W+0wYmijhxKetzZdKOJI7olaBaMhWt8Pac2McJdZLxXWUEQw==",
      "dev": true,
      "optional": true
    },
    "@esbuild/win32-ia32": {
      "version": "0.16.17",
      "resolved": "https://registry.npmjs.org/@esbuild/win32-ia32/-/win32-ia32-0.16.17.tgz",
      "integrity": "sha512-WnsKaf46uSSF/sZhwnqE4L/F89AYNMiD4YtEcYekBt9Q7nj0DiId2XH2Ng2PHM54qi5oPrQ8luuzGszqi/veig==",
      "dev": true,
      "optional": true
    },
    "@esbuild/win32-x64": {
      "version": "0.16.17",
      "resolved": "https://registry.npmjs.org/@esbuild/win32-x64/-/win32-x64-0.16.17.tgz",
      "integrity": "sha512-y+EHuSchhL7FjHgvQL/0fnnFmO4T1bhvWANX6gcnqTjtnKWbTvUMCpGnv2+t+31d7RzyEAYAd4u2fnIhHL6N/Q==",
      "dev": true,
      "optional": true
    },
    "@mdi/font": {
      "version": "7.1.96",
      "resolved": "https://registry.npmjs.org/@mdi/font/-/font-7.1.96.tgz",
      "integrity": "sha512-Imag6npmfkBDi2Ze2jiZVAPTDIKLxhz2Sx82xJ2zctyAU5LYJejLI5ChnDwiD9bMkQfVuzEsI98Q8toHyC+HCg=="
    },
    "@vitejs/plugin-vue": {
      "version": "4.0.0",
      "resolved": "https://registry.npmjs.org/@vitejs/plugin-vue/-/plugin-vue-4.0.0.tgz",
      "integrity": "sha512-e0X4jErIxAB5oLtDqbHvHpJe/uWNkdpYV83AOG2xo2tEVSzCzewgJMtREZM30wXnM5ls90hxiOtAuVU6H5JgbA==",
      "dev": true
    },
    "@vue/compiler-core": {
      "version": "3.2.47",
      "resolved": "https://registry.npmjs.org/@vue/compiler-core/-/compiler-core-3.2.47.tgz",
      "integrity": "sha512-p4D7FDnQb7+YJmO2iPEv0SQNeNzcbHdGByJDsT4lynf63AFkOTFN07HsiRSvjGo0QrxR/o3d0hUyNCUnBU2Tig==",
      "requires": {
        "@babel/parser": "^7.16.4",
        "@vue/shared": "3.2.47",
        "estree-walker": "^2.0.2",
        "source-map": "^0.6.1"
      }
    },
    "@vue/compiler-dom": {
      "version": "3.2.47",
      "resolved": "https://registry.npmjs.org/@vue/compiler-dom/-/compiler-dom-3.2.47.tgz",
      "integrity": "sha512-dBBnEHEPoftUiS03a4ggEig74J2YBZ2UIeyfpcRM2tavgMWo4bsEfgCGsu+uJIL/vax9S+JztH8NmQerUo7shQ==",
      "requires": {
        "@vue/compiler-core": "3.2.47",
        "@vue/shared": "3.2.47"
      }
    },
    "@vue/compiler-sfc": {
      "version": "3.2.47",
      "resolved": "https://registry.npmjs.org/@vue/compiler-sfc/-/compiler-sfc-3.2.47.tgz",
      "integrity": "sha512-rog05W+2IFfxjMcFw10tM9+f7i/+FFpZJJ5XHX72NP9eC2uRD+42M3pYcQqDXVYoj74kHMSEdQ/WmCjt8JFksQ==",
      "requires": {
        "@babel/parser": "^7.16.4",
        "@vue/compiler-core": "3.2.47",
        "@vue/compiler-dom": "3.2.47",
        "@vue/compiler-ssr": "3.2.47",
        "@vue/reactivity-transform": "3.2.47",
        "@vue/shared": "3.2.47",
        "estree-walker": "^2.0.2",
        "magic-string": "^0.25.7",
        "postcss": "^8.1.10",
        "source-map": "^0.6.1"
      }
    },
    "@vue/compiler-ssr": {
      "version": "3.2.47",
      "resolved": "https://registry.npmjs.org/@vue/compiler-ssr/-/compiler-ssr-3.2.47.tgz",
      "integrity": "sha512-wVXC+gszhulcMD8wpxMsqSOpvDZ6xKXSVWkf50Guf/S+28hTAXPDYRTbLQ3EDkOP5Xz/+SY37YiwDquKbJOgZw==",
      "requires": {
        "@vue/compiler-dom": "3.2.47",
        "@vue/shared": "3.2.47"
      }
    },
    "@vue/devtools-api": {
      "version": "6.5.0",
      "resolved": "https://registry.npmjs.org/@vue/devtools-api/-/devtools-api-6.5.0.tgz",
      "integrity": "sha512-o9KfBeaBmCKl10usN4crU53fYtC1r7jJwdGKjPT24t348rHxgfpZ0xL3Xm/gLUYnc0oTp8LAmrxOeLyu6tbk2Q=="
    },
    "@vue/reactivity": {
      "version": "3.2.47",
      "resolved": "https://registry.npmjs.org/@vue/reactivity/-/reactivity-3.2.47.tgz",
      "integrity": "sha512-7khqQ/75oyyg+N/e+iwV6lpy1f5wq759NdlS1fpAhFXa8VeAIKGgk2E/C4VF59lx5b+Ezs5fpp/5WsRYXQiKxQ==",
      "requires": {
        "@vue/shared": "3.2.47"
      }
    },
    "@vue/reactivity-transform": {
      "version": "3.2.47",
      "resolved": "https://registry.npmjs.org/@vue/reactivity-transform/-/reactivity-transform-3.2.47.tgz",
      "integrity": "sha512-m8lGXw8rdnPVVIdIFhf0LeQ/ixyHkH5plYuS83yop5n7ggVJU+z5v0zecwEnX7fa7HNLBhh2qngJJkxpwEEmYA==",
      "requires": {
        "@babel/parser": "^7.16.4",
        "@vue/compiler-core": "3.2.47",
        "@vue/shared": "3.2.47",
        "estree-walker": "^2.0.2",
        "magic-string": "^0.25.7"
      }
    },
    "@vue/runtime-core": {
      "version": "3.2.47",
      "resolved": "https://registry.npmjs.org/@vue/runtime-core/-/runtime-core-3.2.47.tgz",
      "integrity": "sha512-RZxbLQIRB/K0ev0K9FXhNbBzT32H9iRtYbaXb0ZIz2usLms/D55dJR2t6cIEUn6vyhS3ALNvNthI+Q95C+NOpA==",
      "requires": {
        "@vue/reactivity": "3.2.47",
        "@vue/shared": "3.2.47"
      }
    },
    "@vue/runtime-dom": {
      "version": "3.2.47",
      "resolved": "https://registry.npmjs.org/@vue/runtime-dom/-/runtime-dom-3.2.47.tgz",
      "integrity": "sha512-ArXrFTjS6TsDei4qwNvgrdmHtD930KgSKGhS5M+j8QxXrDJYLqYw4RRcDy1bz1m1wMmb6j+zGLifdVHtkXA7gA==",
      "requires": {
        "@vue/runtime-core": "3.2.47",
        "@vue/shared": "3.2.47",
        "csstype": "^2.6.8"
      }
    },
    "@vue/server-renderer": {
      "version": "3.2.47",
      "resolved": "https://registry.npmjs.org/@vue/server-renderer/-/server-renderer-3.2.47.tgz",
      "integrity": "sha512-dN9gc1i8EvmP9RCzvneONXsKfBRgqFeFZLurmHOveL7oH6HiFXJw5OGu294n1nHc/HMgTy6LulU/tv5/A7f/LA==",
      "requires": {
        "@vue/compiler-ssr": "3.2.47",
        "@vue/shared": "3.2.47"
      }
    },
    "@vue/shared": {
      "version": "3.2.47",
      "resolved": "https://registry.npmjs.org/@vue/shared/-/shared-3.2.47.tgz",
      "integrity": "sha512-BHGyyGN3Q97EZx0taMQ+OLNuZcW3d37ZEVmEAyeoA9ERdGvm9Irc/0Fua8SNyOtV1w6BS4q25wbMzJujO9HIfQ=="
    },
    "ckeditor5": {
      "version": "36.0.1",
      "resolved": "https://registry.npmjs.org/ckeditor5/-/ckeditor5-36.0.1.tgz",
      "integrity": "sha512-9zKX7WIRKSDviM0s41VvW8JtDiRtNrhwrzYj4XCjGpZyIXsUKttdJYHIP5iP1MdfZU/hCvpgSUn2fmRPxFbg+Q==",
      "requires": {
        "@ckeditor/ckeditor5-clipboard": "^36.0.1",
        "@ckeditor/ckeditor5-core": "^36.0.1",
        "@ckeditor/ckeditor5-engine": "^36.0.1",
        "@ckeditor/ckeditor5-enter": "^36.0.1",
        "@ckeditor/ckeditor5-paragraph": "^36.0.1",
        "@ckeditor/ckeditor5-select-all": "^36.0.1",
        "@ckeditor/ckeditor5-typing": "^36.0.1",
        "@ckeditor/ckeditor5-ui": "^36.0.1",
        "@ckeditor/ckeditor5-undo": "^36.0.1",
        "@ckeditor/ckeditor5-upload": "^36.0.1",
        "@ckeditor/ckeditor5-utils": "^36.0.1",
        "@ckeditor/ckeditor5-widget": "^36.0.1"
      }
    },
    "csstype": {
      "version": "2.6.21",
      "resolved": "https://registry.npmjs.org/csstype/-/csstype-2.6.21.tgz",
      "integrity": "sha512-Z1PhmomIfypOpoMjRQB70jfvy/wxT50qW08YXO5lMIJkrdq4yOTR+AW7FqutScmB9NkLwxo+jU+kZLbofZZq/w=="
    },
    "esbuild": {
      "version": "0.16.17",
      "resolved": "https://registry.npmjs.org/esbuild/-/esbuild-0.16.17.tgz",
      "integrity": "sha512-G8LEkV0XzDMNwXKgM0Jwu3nY3lSTwSGY6XbxM9cr9+s0T/qSV1q1JVPBGzm3dcjhCic9+emZDmMffkwgPeOeLg==",
      "dev": true,
      "requires": {
        "@esbuild/android-arm": "0.16.17",
        "@esbuild/android-arm64": "0.16.17",
        "@esbuild/android-x64": "0.16.17",
        "@esbuild/darwin-arm64": "0.16.17",
        "@esbuild/darwin-x64": "0.16.17",
        "@esbuild/freebsd-arm64": "0.16.17",
        "@esbuild/freebsd-x64": "0.16.17",
        "@esbuild/linux-arm": "0.16.17",
        "@esbuild/linux-arm64": "0.16.17",
        "@esbuild/linux-ia32": "0.16.17",
        "@esbuild/linux-loong64": "0.16.17",
        "@esbuild/linux-mips64el": "0.16.17",
        "@esbuild/linux-ppc64": "0.16.17",
        "@esbuild/linux-riscv64": "0.16.17",
        "@esbuild/linux-s390x": "0.16.17",
        "@esbuild/linux-x64": "0.16.17",
        "@esbuild/netbsd-x64": "0.16.17",
        "@esbuild/openbsd-x64": "0.16.17",
        "@esbuild/sunos-x64": "0.16.17",
        "@esbuild/win32-arm64": "0.16.17",
        "@esbuild/win32-ia32": "0.16.17",
        "@esbuild/win32-x64": "0.16.17"
      }
    },
    "estree-walker": {
      "version": "2.0.2",
      "resolved": "https://registry.npmjs.org/estree-walker/-/estree-walker-2.0.2.tgz",
      "integrity": "sha512-Rfkk/Mp/DL7JVje3u18FxFujQlTNR2q6QfMSMB7AvCBx91NGj/ba3kCfza0f6dVDbw7YlRf/nDrn7pQrCCyQ/w=="
    },
    "fsevents": {
      "version": "2.3.2",
      "resolved": "https://registry.npmjs.org/fsevents/-/fsevents-2.3.2.tgz",
      "integrity": "sha512-xiqMQR4xAeHTuB9uWm+fFRcIOgKBMiOBP+eXiyT7jsgVCq1bkVygt00oASowB7EdtpOHaaPgKt812P9ab+DDKA==",
      "dev": true,
      "optional": true
    },
    "function-bind": {
      "version": "1.1.1",
      "resolved": "https://registry.npmjs.org/function-bind/-/function-bind-1.1.1.tgz",
      "integrity": "sha512-yIovAzMX49sF8Yl58fSCWJ5svSLuaibPxXQJFLmBObTuCr0Mf1KiPopGM9NiFjiYBCbfaa2Fh6breQ6ANVTI0A==",
      "dev": true
    },
    "has": {
      "version": "1.0.3",
      "resolved": "https://registry.npmjs.org/has/-/has-1.0.3.tgz",
      "integrity": "sha512-f2dvO0VU6Oej7RkWJGrehjbzMAjFp5/VKPp5tTpWIV4JHHZK1/BxbFRtf/siA2SWTe09caDmVtYYzWEIbBS4zw==",
      "dev": true,
      "requires": {
        "function-bind": "^1.1.1"
      }
    },
    "is-core-module": {
      "version": "2.11.0",
      "resolved": "https://registry.npmjs.org/is-core-module/-/is-core-module-2.11.0.tgz",
      "integrity": "sha512-RRjxlvLDkD1YJwDbroBHMb+cukurkDWNyHx7D3oNB5x9rb5ogcksMC5wHCadcXoo67gVr/+3GFySh3134zi6rw==",
      "dev": true,
      "requires": {
        "has": "^1.0.3"
      }
    },
    "lodash-es": {
      "version": "4.17.21",
      "resolved": "https://registry.npmjs.org/lodash-es/-/lodash-es-4.17.21.tgz",
      "integrity": "sha512-mKnC+QJ9pWVzv+C4/U3rRsHapFfHvQFoFB92e52xeyGMcX6/OlIl78je1u8vePzYZSkkogMPJ2yjxxsb89cxyw=="
    },
    "magic-string": {
      "version": "0.25.9",
      "resolved": "https://registry.npmjs.org/magic-string/-/magic-string-0.25.9.tgz",
      "integrity": "sha512-RmF0AsMzgt25qzqqLc1+MbHmhdx0ojF2Fvs4XnOqz2ZOBXzzkEwc/dJQZCYHAn7v1jbVOjAZfK8msRn4BxO4VQ==",
      "requires": {
        "sourcemap-codec": "^1.4.8"
      }
    },
    "moment": {
      "version": "2.29.4",
      "resolved": "https://registry.npmjs.org/moment/-/moment-2.29.4.tgz",
      "integrity": "sha512-5LC9SOxjSc2HF6vO2CyuTDNivEdoz2IvyJJGj6X8DJ0eFyfszE0QiEd+iXmBvUP3WHxSjFH/vIsA0EN00cgr8w=="
    },
    "nanoid": {
      "version": "3.3.4",
      "resolved": "https://registry.npmjs.org/nanoid/-/nanoid-3.3.4.tgz",
      "integrity": "sha512-MqBkQh/OHTS2egovRtLk45wEyNXwF+cokD+1YPf9u5VfJiRdAiRwB2froX5Co9Rh20xs4siNPm8naNotSD6RBw=="
    },
    "path-parse": {
      "version": "1.0.7",
      "resolved": "https://registry.npmjs.org/path-parse/-/path-parse-1.0.7.tgz",
      "integrity": "sha512-LDJzPVEEEPR+y48z93A0Ed0yXb8pAByGWo/k5YYdYgpY2/2EsOsksJrq7lOHxryrVOn1ejG6oAp8ahvOIQD8sw==",
      "dev": true
    },
    "picocolors": {
      "version": "1.0.0",
      "resolved": "https://registry.npmjs.org/picocolors/-/picocolors-1.0.0.tgz",
      "integrity": "sha512-1fygroTLlHu66zi26VoTDv8yRgm0Fccecssto+MhsZ0D/DGW2sm8E8AjW7NU5VVTRt5GxbeZ5qBuJr+HyLYkjQ=="
    },
    "postcss": {
      "version": "8.4.21",
      "resolved": "https://registry.npmjs.org/postcss/-/postcss-8.4.21.tgz",
      "integrity": "sha512-tP7u/Sn/dVxK2NnruI4H9BG+x+Wxz6oeZ1cJ8P6G/PZY0IKk4k/63TDsQf2kQq3+qoJeLm2kIBUNlZe3zgb4Zg==",
      "requires": {
        "nanoid": "^3.3.4",
        "picocolors": "^1.0.0",
        "source-map-js": "^1.0.2"
      }
    },
    "resolve": {
      "version": "1.22.1",
      "resolved": "https://registry.npmjs.org/resolve/-/resolve-1.22.1.tgz",
      "integrity": "sha512-nBpuuYuY5jFsli/JIs1oldw6fOQCBioohqWZg/2hiaOybXOft4lonv85uDOKXdf8rhyK159cxU5cDcK/NKk8zw==",
      "dev": true,
      "requires": {
        "is-core-module": "^2.9.0",
        "path-parse": "^1.0.7",
        "supports-preserve-symlinks-flag": "^1.0.0"
      }
    },
    "rollup": {
      "version": "3.18.0",
      "resolved": "https://registry.npmjs.org/rollup/-/rollup-3.18.0.tgz",
      "integrity": "sha512-J8C6VfEBjkvYPESMQYxKHxNOh4A5a3FlP+0BETGo34HEcE4eTlgCrO2+eWzlu2a/sHs2QUkZco+wscH7jhhgWg==",
      "dev": true,
      "requires": {
        "fsevents": "~2.3.2"
      }
    },
    "source-map": {
      "version": "0.6.1",
      "resolved": "https://registry.npmjs.org/source-map/-/source-map-0.6.1.tgz",
      "integrity": "sha512-UjgapumWlbMhkBgzT7Ykc5YXUT46F0iKu8SGXq0bcwP5dz/h0Plj6enJqjz1Zbq2l5WaqYnrVbwWOWMyF3F47g=="
    },
    "source-map-js": {
      "version": "1.0.2",
      "resolved": "https://registry.npmjs.org/source-map-js/-/source-map-js-1.0.2.tgz",
      "integrity": "sha512-R0XvVJ9WusLiqTCEiGCmICCMplcCkIwwR11mOSD9CR5u+IXYdiseeEuXCVAjS54zqwkLcPNnmU4OeJ6tUrWhDw=="
    },
    "sourcemap-codec": {
      "version": "1.4.8",
      "resolved": "https://registry.npmjs.org/sourcemap-codec/-/sourcemap-codec-1.4.8.tgz",
      "integrity": "sha512-9NykojV5Uih4lgo5So5dtw+f0JgJX30KCNI8gwhz2J9A15wD0Ml6tjHKwf6fTSa6fAdVBdZeNOs9eJ71qCk8vA=="
    },
    "supports-preserve-symlinks-flag": {
      "version": "1.0.0",
      "resolved": "https://registry.npmjs.org/supports-preserve-symlinks-flag/-/supports-preserve-symlinks-flag-1.0.0.tgz",
      "integrity": "sha512-ot0WnXS9fgdkgIcePe6RHNk1WA8+muPa6cSjeR3V8K27q9BB1rTE3R1p7Hv0z1ZyAc8s6Vvv8DIyWf681MAt0w==",
      "dev": true
    },
    "vite": {
      "version": "4.1.4",
      "resolved": "https://registry.npmjs.org/vite/-/vite-4.1.4.tgz",
      "integrity": "sha512-3knk/HsbSTKEin43zHu7jTwYWv81f8kgAL99G5NWBcA1LKvtvcVAC4JjBH1arBunO9kQka+1oGbrMKOjk4ZrBg==",
      "dev": true,
      "requires": {
        "esbuild": "^0.16.14",
        "fsevents": "~2.3.2",
        "postcss": "^8.4.21",
        "resolve": "^1.22.1",
        "rollup": "^3.10.0"
      }
    },
    "vue": {
      "version": "3.2.47",
      "resolved": "https://registry.npmjs.org/vue/-/vue-3.2.47.tgz",
      "integrity": "sha512-60188y/9Dc9WVrAZeUVSDxRQOZ+z+y5nO2ts9jWXSTkMvayiWxCWOWtBQoYjLeccfXkiiPZWAHcV+WTPhkqJHQ==",
      "requires": {
        "@vue/compiler-dom": "3.2.47",
        "@vue/compiler-sfc": "3.2.47",
        "@vue/runtime-dom": "3.2.47",
        "@vue/server-renderer": "3.2.47",
        "@vue/shared": "3.2.47"
      }
    },
    "vue-router": {
      "version": "4.1.6",
      "resolved": "https://registry.npmjs.org/vue-router/-/vue-router-4.1.6.tgz",
      "integrity": "sha512-DYWYwsG6xNPmLq/FmZn8Ip+qrhFEzA14EI12MsMgVxvHFDYvlr4NXpVF5hrRH1wVcDP8fGi5F4rxuJSl8/r+EQ==",
      "requires": {
        "@vue/devtools-api": "^6.4.5"
      }
    },
    "vue-toastification": {
      "version": "2.0.0-rc.5",
      "resolved": "https://registry.npmjs.org/vue-toastification/-/vue-toastification-2.0.0-rc.5.tgz",
      "integrity": "sha512-q73e5jy6gucEO/U+P48hqX+/qyXDozAGmaGgLFm5tXX4wJBcVsnGp4e/iJqlm9xzHETYOilUuwOUje2Qg1JdwA=="
    },
    "vuetify": {
      "version": "3.1.7",
      "resolved": "https://registry.npmjs.org/vuetify/-/vuetify-3.1.7.tgz",
      "integrity": "sha512-1hDQ4ISszEKP9S9nOhUNsv3rZ4Zr1UYn4+G4PIlcS9b16Jy4/VS2KDrLyTG8Shnv9enizg31iF5iVnlj96OEeA=="
    },
    "vuex": {
      "version": "4.0.2",
      "resolved": "https://registry.npmjs.org/vuex/-/vuex-4.0.2.tgz",
      "integrity": "sha512-M6r8uxELjZIK8kTKDGgZTYX/ahzblnzC4isU1tpmEuOIIKmV+TRdc+H4s8ds2NuZ7wpUTdGRzJRtoj+lI+pc0Q==",
      "requires": {
        "@vue/devtools-api": "^6.0.0-beta.11"
      }
    }
  }
}
